
Microsoft Visual Studio Solution File, Format Version 12.00
# Visual Studio Version 17
VisualStudioVersion = 17.11.35219.272
MinimumVisualStudioVersion = 10.0.40219.1
Project("{2150E333-8FDC-42A3-9474-1A3956D46DE8}") = "src", "src", "{50811858-BA2D-436B-97B8-1036FC284492}"
EndProject
Project("{2150E333-8FDC-42A3-9474-1A3956D46DE8}") = "Core", "Core", "{4FAA9B1A-BA35-456C-9998-F92F6437D9F1}"
EndProject
Project("{9A19103F-16F7-4668-BE54-9A1E7A4F7556}") = "Secop.Core.Application", "src\Core\Secop.Core.Application\Secop.Core.Application.csproj", "{759CA56D-61D8-45CA-AD66-082BD57202E6}"
EndProject
Project("{2150E333-8FDC-42A3-9474-1A3956D46DE8}") = "note", "note", "{DAEC6847-DCA4-44C7-811F-F9931A212E3B}"
	ProjectSection(SolutionItems) = preProject
		note\process.txt = note\process.txt
	EndProjectSection
EndProject
Project("{9A19103F-16F7-4668-BE54-9A1E7A4F7556}") = "Secop.Core.Domain", "src\Core\Secop.Core.Domain\Secop.Core.Domain.csproj", "{4E3F53AE-A923-48D6-BBA8-7F0B01C52426}"
EndProject
Project("{2150E333-8FDC-42A3-9474-1A3956D46DE8}") = "Services", "Services", "{2E600F01-5DAC-4086-BEC6-723001116D8B}"
EndProject
Project("{2150E333-8FDC-42A3-9474-1A3956D46DE8}") = "Approval", "Approval", "{E0D9CBC7-D95F-4039-9ED0-26A91C64EA4C}"
EndProject
Project("{2150E333-8FDC-42A3-9474-1A3956D46DE8}") = "Credit", "Credit", "{7555269B-295B-4B28-B84A-146DDE065277}"
EndProject
Project("{2150E333-8FDC-42A3-9474-1A3956D46DE8}") = "Customer", "Customer", "{E5DCF8AF-E9B1-42E2-83A3-FB7DC54EF331}"
EndProject
Project("{2150E333-8FDC-42A3-9474-1A3956D46DE8}") = "Score", "Score", "{6F02E001-2926-48D9-BA38-4313F76813D4}"
EndProject
Project("{9A19103F-16F7-4668-BE54-9A1E7A4F7556}") = "Secop.Approval.Web.Api", "src\Services\Approval\Secop.Approval.Web.Api\Secop.Approval.Web.Api.csproj", "{80B21E2D-0DC9-4F9F-971E-7C505DBB044A}"
EndProject
Project("{9A19103F-16F7-4668-BE54-9A1E7A4F7556}") = "Secop.Customer.Web.Api", "src\Services\Customer\Secop.Customer.Web.Api\Secop.Customer.Web.Api.csproj", "{90E747B4-19F8-43E5-A0EB-0310E29523DA}"
EndProject
Project("{9A19103F-16F7-4668-BE54-9A1E7A4F7556}") = "Secop.Credit.Web.Api", "src\Services\Credit\Secop.Credit.Web.Api\Secop.Credit.Web.Api.csproj", "{E6A00937-DF60-4CD2-B570-A33BA66C7297}"
EndProject
Project("{9A19103F-16F7-4668-BE54-9A1E7A4F7556}") = "Secop.Score.Web.Api", "src\Services\Score\Secop.Score.Web.Api\Secop.Score.Web.Api.csproj", "{C28D9EC7-32F5-4DA5-9520-7B3B66C48443}"
EndProject
Project("{9A19103F-16F7-4668-BE54-9A1E7A4F7556}") = "Secop.Approval.Persistence", "src\Services\Approval\Secop.Approval.Persistence\Secop.Approval.Persistence.csproj", "{F266B4D8-6153-4855-9742-3852E66971AE}"
EndProject
Project("{9A19103F-16F7-4668-BE54-9A1E7A4F7556}") = "Secop.Credit.Persistence", "src\Services\Credit\Secop.Credit.Persistence\Secop.Credit.Persistence.csproj", "{C39E8A38-9631-4D1C-9E5E-810DC0CE9BED}"
EndProject
Project("{9A19103F-16F7-4668-BE54-9A1E7A4F7556}") = "Secop.Customer.Persistence", "src\Services\Customer\Secop.Customer.Persistence\Secop.Customer.Persistence.csproj", "{56B88ADB-CC75-4EFE-968F-25BB166B8D94}"
EndProject
Project("{9A19103F-16F7-4668-BE54-9A1E7A4F7556}") = "Secop.Score.Persistence", "src\Services\Score\Secop.Score.Persistence\Secop.Score.Persistence.csproj", "{54E35239-9466-44C5-B9B7-13CCBE13E83A}"
EndProject
Project("{E53339B2-1760-4266-BCC7-CA923CBCF16C}") = "docker-compose", "docker\docker-compose.dcproj", "{33C1865B-AF11-4859-A4A2-21CC73D2855D}"
EndProject
Project("{2150E333-8FDC-42A3-9474-1A3956D46DE8}") = "Solution Items", "Solution Items", "{04624930-F4CB-440D-AFE6-35958DA62CE3}"
	ProjectSection(SolutionItems) = preProject
		.gitignore = .gitignore
		sonar-project.properties = sonar-project.properties
	EndProjectSection
EndProject
Project("{FAE04EC0-301F-11D3-BF4B-00C04F79EFBC}") = "Secop.Core.ApiCommon", "src\Core\Secop.Core.ApiCommon\Secop.Core.ApiCommon.csproj", "{DEF2DB81-8468-42B4-BC06-08BD9EE5FF38}"
EndProject
Global
	GlobalSection(SolutionConfigurationPlatforms) = preSolution
		Debug|Any CPU = Debug|Any CPU
		Release|Any CPU = Release|Any CPU
	EndGlobalSection
	GlobalSection(ProjectConfigurationPlatforms) = postSolution
		{759CA56D-61D8-45CA-AD66-082BD57202E6}.Debug|Any CPU.ActiveCfg = Debug|Any CPU
		{759CA56D-61D8-45CA-AD66-082BD57202E6}.Debug|Any CPU.Build.0 = Debug|Any CPU
		{759CA56D-61D8-45CA-AD66-082BD57202E6}.Release|Any CPU.ActiveCfg = Release|Any CPU
		{759CA56D-61D8-45CA-AD66-082BD57202E6}.Release|Any CPU.Build.0 = Release|Any CPU
		{4E3F53AE-A923-48D6-BBA8-7F0B01C52426}.Debug|Any CPU.ActiveCfg = Debug|Any CPU
		{4E3F53AE-A923-48D6-BBA8-7F0B01C52426}.Debug|Any CPU.Build.0 = Debug|Any CPU
		{4E3F53AE-A923-48D6-BBA8-7F0B01C52426}.Release|Any CPU.ActiveCfg = Release|Any CPU
		{4E3F53AE-A923-48D6-BBA8-7F0B01C52426}.Release|Any CPU.Build.0 = Release|Any CPU
		{80B21E2D-0DC9-4F9F-971E-7C505DBB044A}.Debug|Any CPU.ActiveCfg = Debug|Any CPU
		{80B21E2D-0DC9-4F9F-971E-7C505DBB044A}.Debug|Any CPU.Build.0 = Debug|Any CPU
		{80B21E2D-0DC9-4F9F-971E-7C505DBB044A}.Release|Any CPU.ActiveCfg = Release|Any CPU
		{80B21E2D-0DC9-4F9F-971E-7C505DBB044A}.Release|Any CPU.Build.0 = Release|Any CPU
		{90E747B4-19F8-43E5-A0EB-0310E29523DA}.Debug|Any CPU.ActiveCfg = Debug|Any CPU
		{90E747B4-19F8-43E5-A0EB-0310E29523DA}.Debug|Any CPU.Build.0 = Debug|Any CPU
		{90E747B4-19F8-43E5-A0EB-0310E29523DA}.Release|Any CPU.ActiveCfg = Release|Any CPU
		{90E747B4-19F8-43E5-A0EB-0310E29523DA}.Release|Any CPU.Build.0 = Release|Any CPU
		{E6A00937-DF60-4CD2-B570-A33BA66C7297}.Debug|Any CPU.ActiveCfg = Debug|Any CPU
		{E6A00937-DF60-4CD2-B570-A33BA66C7297}.Debug|Any CPU.Build.0 = Debug|Any CPU
		{E6A00937-DF60-4CD2-B570-A33BA66C7297}.Release|Any CPU.ActiveCfg = Release|Any CPU
		{E6A00937-DF60-4CD2-B570-A33BA66C7297}.Release|Any CPU.Build.0 = Release|Any CPU
		{C28D9EC7-32F5-4DA5-9520-7B3B66C48443}.Debug|Any CPU.ActiveCfg = Debug|Any CPU
		{C28D9EC7-32F5-4DA5-9520-7B3B66C48443}.Debug|Any CPU.Build.0 = Debug|Any CPU
		{C28D9EC7-32F5-4DA5-9520-7B3B66C48443}.Release|Any CPU.ActiveCfg = Release|Any CPU
		{C28D9EC7-32F5-4DA5-9520-7B3B66C48443}.Release|Any CPU.Build.0 = Release|Any CPU
		{F266B4D8-6153-4855-9742-3852E66971AE}.Debug|Any CPU.ActiveCfg = Debug|Any CPU
		{F266B4D8-6153-4855-9742-3852E66971AE}.Debug|Any CPU.Build.0 = Debug|Any CPU
		{F266B4D8-6153-4855-9742-3852E66971AE}.Release|Any CPU.ActiveCfg = Release|Any CPU
		{F266B4D8-6153-4855-9742-3852E66971AE}.Release|Any CPU.Build.0 = Release|Any CPU
		{C39E8A38-9631-4D1C-9E5E-810DC0CE9BED}.Debug|Any CPU.ActiveCfg = Debug|Any CPU
		{C39E8A38-9631-4D1C-9E5E-810DC0CE9BED}.Debug|Any CPU.Build.0 = Debug|Any CPU
		{C39E8A38-9631-4D1C-9E5E-810DC0CE9BED}.Release|Any CPU.ActiveCfg = Release|Any CPU
		{C39E8A38-9631-4D1C-9E5E-810DC0CE9BED}.Release|Any CPU.Build.0 = Release|Any CPU
		{56B88ADB-CC75-4EFE-968F-25BB166B8D94}.Debug|Any CPU.ActiveCfg = Debug|Any CPU
		{56B88ADB-CC75-4EFE-968F-25BB166B8D94}.Debug|Any CPU.Build.0 = Debug|Any CPU
		{56B88ADB-CC75-4EFE-968F-25BB166B8D94}.Release|Any CPU.ActiveCfg = Release|Any CPU
		{56B88ADB-CC75-4EFE-968F-25BB166B8D94}.Release|Any CPU.Build.0 = Release|Any CPU
		{54E35239-9466-44C5-B9B7-13CCBE13E83A}.Debug|Any CPU.ActiveCfg = Debug|Any CPU
		{54E35239-9466-44C5-B9B7-13CCBE13E83A}.Debug|Any CPU.Build.0 = Debug|Any CPU
		{54E35239-9466-44C5-B9B7-13CCBE13E83A}.Release|Any CPU.ActiveCfg = Release|Any CPU
		{54E35239-9466-44C5-B9B7-13CCBE13E83A}.Release|Any CPU.Build.0 = Release|Any CPU
		{33C1865B-AF11-4859-A4A2-21CC73D2855D}.Debug|Any CPU.ActiveCfg = Debug|Any CPU
		{33C1865B-AF11-4859-A4A2-21CC73D2855D}.Debug|Any CPU.Build.0 = Debug|Any CPU
		{33C1865B-AF11-4859-A4A2-21CC73D2855D}.Release|Any CPU.ActiveCfg = Release|Any CPU
		{33C1865B-AF11-4859-A4A2-21CC73D2855D}.Release|Any CPU.Build.0 = Release|Any CPU
		{DEF2DB81-8468-42B4-BC06-08BD9EE5FF38}.Debug|Any CPU.ActiveCfg = Debug|Any CPU
		{DEF2DB81-8468-42B4-BC06-08BD9EE5FF38}.Debug|Any CPU.Build.0 = Debug|Any CPU
		{DEF2DB81-8468-42B4-BC06-08BD9EE5FF38}.Release|Any CPU.ActiveCfg = Release|Any CPU
		{DEF2DB81-8468-42B4-BC06-08BD9EE5FF38}.Release|Any CPU.Build.0 = Release|Any CPU
	EndGlobalSection
	GlobalSection(SolutionProperties) = preSolution
		HideSolutionNode = FALSE
	EndGlobalSection
	GlobalSection(NestedProjects) = preSolution
		{4FAA9B1A-BA35-456C-9998-F92F6437D9F1} = {50811858-BA2D-436B-97B8-1036FC284492}
		{759CA56D-61D8-45CA-AD66-082BD57202E6} = {4FAA9B1A-BA35-456C-9998-F92F6437D9F1}
		{4E3F53AE-A923-48D6-BBA8-7F0B01C52426} = {4FAA9B1A-BA35-456C-9998-F92F6437D9F1}
		{2E600F01-5DAC-4086-BEC6-723001116D8B} = {50811858-BA2D-436B-97B8-1036FC284492}
		{E0D9CBC7-D95F-4039-9ED0-26A91C64EA4C} = {2E600F01-5DAC-4086-BEC6-723001116D8B}
		{7555269B-295B-4B28-B84A-146DDE065277} = {2E600F01-5DAC-4086-BEC6-723001116D8B}
		{E5DCF8AF-E9B1-42E2-83A3-FB7DC54EF331} = {2E600F01-5DAC-4086-BEC6-723001116D8B}
		{6F02E001-2926-48D9-BA38-4313F76813D4} = {2E600F01-5DAC-4086-BEC6-723001116D8B}
		{80B21E2D-0DC9-4F9F-971E-7C505DBB044A} = {E0D9CBC7-D95F-4039-9ED0-26A91C64EA4C}
		{90E747B4-19F8-43E5-A0EB-0310E29523DA} = {E5DCF8AF-E9B1-42E2-83A3-FB7DC54EF331}
		{E6A00937-DF60-4CD2-B570-A33BA66C7297} = {7555269B-295B-4B28-B84A-146DDE065277}
		{C28D9EC7-32F5-4DA5-9520-7B3B66C48443} = {6F02E001-2926-48D9-BA38-4313F76813D4}
		{F266B4D8-6153-4855-9742-3852E66971AE} = {E0D9CBC7-D95F-4039-9ED0-26A91C64EA4C}
		{C39E8A38-9631-4D1C-9E5E-810DC0CE9BED} = {7555269B-295B-4B28-B84A-146DDE065277}
		{56B88ADB-CC75-4EFE-968F-25BB166B8D94} = {E5DCF8AF-E9B1-42E2-83A3-FB7DC54EF331}
		{54E35239-9466-44C5-B9B7-13CCBE13E83A} = {6F02E001-2926-48D9-BA38-4313F76813D4}
		{DEF2DB81-8468-42B4-BC06-08BD9EE5FF38} = {4FAA9B1A-BA35-456C-9998-F92F6437D9F1}
	EndGlobalSection
	GlobalSection(ExtensibilityGlobals) = postSolution
		SolutionGuid = {D7CAA3E6-7826-456F-B19B-3BEB117CEE7B}
	EndGlobalSection
EndGlobal
