
Microsoft Visual Studio Solution File, Format Version 12.00
# Visual Studio Version 17
VisualStudioVersion = 17.11.35219.272
MinimumVisualStudioVersion = 10.0.40219.1
Project("{2150E333-8FDC-42A3-9474-1A3956D46DE8}") = "src", "src", "{50811858-BA2D-436B-97B8-1036FC284492}"
EndProject
Project("{2150E333-8FDC-42A3-9474-1A3956D46DE8}") = "Core", "Core", "{4FAA9B1A-BA35-456C-9998-F92F6437D9F1}"
EndProject
Project("{9A19103F-16F7-4668-BE54-9A1E7A4F7556}") = "Secop.Core.Application", "src\Core\Secop.Core.Application\Secop.Core.Application.csproj", "{759CA56D-61D8-45CA-AD66-082BD57202E6}"
EndProject
Project("{2150E333-8FDC-42A3-9474-1A3956D46DE8}") = "note", "note", "{DAEC6847-DCA4-44C7-811F-F9931A212E3B}"
	ProjectSection(SolutionItems) = preProject
		note\process.txt = note\process.txt
	EndProjectSection
EndProject
Project("{9A19103F-16F7-4668-BE54-9A1E7A4F7556}") = "Secop.Core.Domain", "src\Core\Secop.Core.Domain\Secop.Core.Domain.csproj", "{4E3F53AE-A923-48D6-BBA8-7F0B01C52426}"
EndProject
Project("{2150E333-8FDC-42A3-9474-1A3956D46DE8}") = "Services", "Services", "{2E600F01-5DAC-4086-BEC6-723001116D8B}"
EndProject
Project("{2150E333-8FDC-42A3-9474-1A3956D46DE8}") = "Approval", "Approval", "{E0D9CBC7-D95F-4039-9ED0-26A91C64EA4C}"
EndProject
Project("{2150E333-8FDC-42A3-9474-1A3956D46DE8}") = "Credit", "Credit", "{7555269B-295B-4B28-B84A-146DDE065277}"
EndProject
Project("{2150E333-8FDC-42A3-9474-1A3956D46DE8}") = "Customer", "Customer", "{E5DCF8AF-E9B1-42E2-83A3-FB7DC54EF331}"
EndProject
Project("{2150E333-8FDC-42A3-9474-1A3956D46DE8}") = "Score", "Score", "{6F02E001-2926-48D9-BA38-4313F76813D4}"
EndProject
Project("{9A19103F-16F7-4668-BE54-9A1E7A4F7556}") = "Secop.Approval.Persistence", "src\Services\Approval\Secop.Approval.Persistence\Secop.Approval.Persistence.csproj", "{F266B4D8-6153-4855-9742-3852E66971AE}"
EndProject
Project("{9A19103F-16F7-4668-BE54-9A1E7A4F7556}") = "Secop.Credit.Persistence", "src\Services\Credit\Secop.Credit.Persistence\Secop.Credit.Persistence.csproj", "{C39E8A38-9631-4D1C-9E5E-810DC0CE9BED}"
EndProject
Project("{9A19103F-16F7-4668-BE54-9A1E7A4F7556}") = "Secop.Customer.Persistence", "src\Services\Customer\Secop.Customer.Persistence\Secop.Customer.Persistence.csproj", "{56B88ADB-CC75-4EFE-968F-25BB166B8D94}"
EndProject
Project("{9A19103F-16F7-4668-BE54-9A1E7A4F7556}") = "Secop.Score.Persistence", "src\Services\Score\Secop.Score.Persistence\Secop.Score.Persistence.csproj", "{54E35239-9466-44C5-B9B7-13CCBE13E83A}"
EndProject
Project("{E53339B2-1760-4266-BCC7-CA923CBCF16C}") = "docker-compose", "docker\docker-compose.dcproj", "{33C1865B-AF11-4859-A4A2-21CC73D2855D}"
EndProject
Project("{2150E333-8FDC-42A3-9474-1A3956D46DE8}") = "Solution Items", "Solution Items", "{04624930-F4CB-440D-AFE6-35958DA62CE3}"
	ProjectSection(SolutionItems) = preProject
		.gitignore = .gitignore
		sonar-project.properties = sonar-project.properties
	EndProjectSection
EndProject
Project("{9A19103F-16F7-4668-BE54-9A1E7A4F7556}") = "Secop.Core.ApiCommon", "src\Core\Secop.Core.ApiCommon\Secop.Core.ApiCommon.csproj", "{DEF2DB81-8468-42B4-BC06-08BD9EE5FF38}"
EndProject
Project("{9A19103F-16F7-4668-BE54-9A1E7A4F7556}") = "Secop.Approval.Web.Api.V1", "src\Services\Approval\Secop.Approval.Web.Api.V1\Secop.Approval.Web.Api.V1.csproj", "{95A82C07-F217-4C2D-9258-3A42F3C94865}"
EndProject
Project("{9A19103F-16F7-4668-BE54-9A1E7A4F7556}") = "Secop.Credit.Web.Api.V1", "src\Services\Credit\Secop.Credit.Web.Api.V1\Secop.Credit.Web.Api.V1.csproj", "{E2375A8A-23AD-4F01-9F04-8C103927C0D7}"
EndProject
Project("{9A19103F-16F7-4668-BE54-9A1E7A4F7556}") = "Secop.Score.Web.Api.V1", "src\Services\Score\Secop.Score.Web.Api.V1\Secop.Score.Web.Api.V1.csproj", "{E2383F41-6235-484F-8BC7-9F3B953B0CF2}"
EndProject
Project("{9A19103F-16F7-4668-BE54-9A1E7A4F7556}") = "Secop.Customer.Web.Api.V1", "src\Services\Customer\Secop.Customer.Web.Api.V1\Secop.Customer.Web.Api.V1.csproj", "{51C375A9-F2AD-4C8E-9E91-80211A411601}"
EndProject
Project("{2150E333-8FDC-42A3-9474-1A3956D46DE8}") = "Gateway", "Gateway", "{4A41C643-8326-4F7A-B484-706F59818CEB}"
EndProject
Project("{9A19103F-16F7-4668-BE54-9A1E7A4F7556}") = "Secop.Gateway.Api", "src\Gateway\Secop.Gateway.Api\Secop.Gateway.Api.csproj", "{299FD101-E4E0-4CD4-AE84-4580A2814F08}"
EndProject
Project("{9A19103F-16F7-4668-BE54-9A1E7A4F7556}") = "Secop.Credit.Web.Api.V2", "src\Services\Credit\Secop.Credit.Web.Api.V2\Secop.Credit.Web.Api.V2.csproj", "{6D6A54FC-0CCE-4F6E-AF85-0A543AA12942}"
EndProject
Project("{9A19103F-16F7-4668-BE54-9A1E7A4F7556}") = "Secop.Approval.Web.Api.V2", "src\Services\Approval\Secop.Approval.Web.Api.V2\Secop.Approval.Web.Api.V2.csproj", "{5562BF93-E6B6-4457-9FA6-C339572EDA5E}"
EndProject
Project("{9A19103F-16F7-4668-BE54-9A1E7A4F7556}") = "Secop.Score.Web.Api.V2", "src\Services\Score\Secop.Score.Web.Api.V2\Secop.Score.Web.Api.V2.csproj", "{CCD840A4-0CE0-41F7-AC48-6C9B554901C8}"
EndProject
Project("{2150E333-8FDC-42A3-9474-1A3956D46DE8}") = "Repayment", "Repayment", "{C4059BAC-BDE2-4701-925E-590F57A9B508}"
EndProject
Project("{2150E333-8FDC-42A3-9474-1A3956D46DE8}") = "Notification", "Notification", "{A1210B12-5932-46A9-BA65-2D0AE9F9BA7A}"
EndProject
Project("{9A19103F-16F7-4668-BE54-9A1E7A4F7556}") = "Secop.Notification.Web.Api.V2", "src\Services\Notification\Secop.Notification.Web.Api.V2\Secop.Notification.Web.Api.V2.csproj", "{29A43D9A-9DAC-47BD-B2CE-3620758312BA}"
EndProject
Project("{9A19103F-16F7-4668-BE54-9A1E7A4F7556}") = "Secop.Repayment.Web.Api.V2", "src\Services\Repayment\Secop.Repayment.Web.Api.V2\Secop.Repayment.Web.Api.V2.csproj", "{FBFDB0D9-2025-4154-AB8E-8CE322E53A37}"
EndProject
Project("{9A19103F-16F7-4668-BE54-9A1E7A4F7556}") = "Secop.Notification.Persistence", "src\Services\Notification\Secop.Notification.Persistence\Secop.Notification.Persistence.csproj", "{65B5D025-4848-4FE6-8B0A-449CD6BFFB95}"
EndProject
Project("{9A19103F-16F7-4668-BE54-9A1E7A4F7556}") = "Secop.Repayment.Persistence", "src\Services\Repayment\Secop.Repayment.Persistence\Secop.Repayment.Persistence.csproj", "{BEABDAEE-952C-4C45-9857-023B6FBF53F8}"
EndProject
Project("{2150E333-8FDC-42A3-9474-1A3956D46DE8}") = "WorkerServices", "WorkerServices", "{42443030-4778-4EEE-866F-C3A18406F203}"
EndProject
Project("{9A19103F-16F7-4668-BE54-9A1E7A4F7556}") = "Secop.Core.Messaging", "src\Core\Secop.Core.Messaging\Secop.Core.Messaging.csproj", "{63290521-7605-4819-86DD-9918BEE4209C}"
EndProject
Project("{9A19103F-16F7-4668-BE54-9A1E7A4F7556}") = "Secop.WorkerServices.SagaStateMachine", "src\WorkerServices\Secop.WorkerServices.SagaStateMachine\Secop.WorkerServices.SagaStateMachine.csproj", "{5DDB0642-08F1-4729-862F-6AEF9E8C1F5A}"
EndProject
Global
	GlobalSection(SolutionConfigurationPlatforms) = preSolution
		Debug|Any CPU = Debug|Any CPU
		Release|Any CPU = Release|Any CPU
	EndGlobalSection
	GlobalSection(ProjectConfigurationPlatforms) = postSolution
		{759CA56D-61D8-45CA-AD66-082BD57202E6}.Debug|Any CPU.ActiveCfg = Debug|Any CPU
		{759CA56D-61D8-45CA-AD66-082BD57202E6}.Debug|Any CPU.Build.0 = Debug|Any CPU
		{759CA56D-61D8-45CA-AD66-082BD57202E6}.Release|Any CPU.ActiveCfg = Release|Any CPU
		{759CA56D-61D8-45CA-AD66-082BD57202E6}.Release|Any CPU.Build.0 = Release|Any CPU
		{4E3F53AE-A923-48D6-BBA8-7F0B01C52426}.Debug|Any CPU.ActiveCfg = Debug|Any CPU
		{4E3F53AE-A923-48D6-BBA8-7F0B01C52426}.Debug|Any CPU.Build.0 = Debug|Any CPU
		{4E3F53AE-A923-48D6-BBA8-7F0B01C52426}.Release|Any CPU.ActiveCfg = Release|Any CPU
		{4E3F53AE-A923-48D6-BBA8-7F0B01C52426}.Release|Any CPU.Build.0 = Release|Any CPU
		{F266B4D8-6153-4855-9742-3852E66971AE}.Debug|Any CPU.ActiveCfg = Debug|Any CPU
		{F266B4D8-6153-4855-9742-3852E66971AE}.Debug|Any CPU.Build.0 = Debug|Any CPU
		{F266B4D8-6153-4855-9742-3852E66971AE}.Release|Any CPU.ActiveCfg = Release|Any CPU
		{F266B4D8-6153-4855-9742-3852E66971AE}.Release|Any CPU.Build.0 = Release|Any CPU
		{C39E8A38-9631-4D1C-9E5E-810DC0CE9BED}.Debug|Any CPU.ActiveCfg = Debug|Any CPU
		{C39E8A38-9631-4D1C-9E5E-810DC0CE9BED}.Debug|Any CPU.Build.0 = Debug|Any CPU
		{C39E8A38-9631-4D1C-9E5E-810DC0CE9BED}.Release|Any CPU.ActiveCfg = Release|Any CPU
		{C39E8A38-9631-4D1C-9E5E-810DC0CE9BED}.Release|Any CPU.Build.0 = Release|Any CPU
		{56B88ADB-CC75-4EFE-968F-25BB166B8D94}.Debug|Any CPU.ActiveCfg = Debug|Any CPU
		{56B88ADB-CC75-4EFE-968F-25BB166B8D94}.Debug|Any CPU.Build.0 = Debug|Any CPU
		{56B88ADB-CC75-4EFE-968F-25BB166B8D94}.Release|Any CPU.ActiveCfg = Release|Any CPU
		{56B88ADB-CC75-4EFE-968F-25BB166B8D94}.Release|Any CPU.Build.0 = Release|Any CPU
		{54E35239-9466-44C5-B9B7-13CCBE13E83A}.Debug|Any CPU.ActiveCfg = Debug|Any CPU
		{54E35239-9466-44C5-B9B7-13CCBE13E83A}.Debug|Any CPU.Build.0 = Debug|Any CPU
		{54E35239-9466-44C5-B9B7-13CCBE13E83A}.Release|Any CPU.ActiveCfg = Release|Any CPU
		{54E35239-9466-44C5-B9B7-13CCBE13E83A}.Release|Any CPU.Build.0 = Release|Any CPU
		{33C1865B-AF11-4859-A4A2-21CC73D2855D}.Debug|Any CPU.ActiveCfg = Debug|Any CPU
		{33C1865B-AF11-4859-A4A2-21CC73D2855D}.Debug|Any CPU.Build.0 = Debug|Any CPU
		{33C1865B-AF11-4859-A4A2-21CC73D2855D}.Release|Any CPU.ActiveCfg = Release|Any CPU
		{33C1865B-AF11-4859-A4A2-21CC73D2855D}.Release|Any CPU.Build.0 = Release|Any CPU
		{DEF2DB81-8468-42B4-BC06-08BD9EE5FF38}.Debug|Any CPU.ActiveCfg = Debug|Any CPU
		{DEF2DB81-8468-42B4-BC06-08BD9EE5FF38}.Debug|Any CPU.Build.0 = Debug|Any CPU
		{DEF2DB81-8468-42B4-BC06-08BD9EE5FF38}.Release|Any CPU.ActiveCfg = Release|Any CPU
		{DEF2DB81-8468-42B4-BC06-08BD9EE5FF38}.Release|Any CPU.Build.0 = Release|Any CPU
		{95A82C07-F217-4C2D-9258-3A42F3C94865}.Debug|Any CPU.ActiveCfg = Debug|Any CPU
		{95A82C07-F217-4C2D-9258-3A42F3C94865}.Debug|Any CPU.Build.0 = Debug|Any CPU
		{95A82C07-F217-4C2D-9258-3A42F3C94865}.Release|Any CPU.ActiveCfg = Release|Any CPU
		{95A82C07-F217-4C2D-9258-3A42F3C94865}.Release|Any CPU.Build.0 = Release|Any CPU
		{E2375A8A-23AD-4F01-9F04-8C103927C0D7}.Debug|Any CPU.ActiveCfg = Debug|Any CPU
		{E2375A8A-23AD-4F01-9F04-8C103927C0D7}.Debug|Any CPU.Build.0 = Debug|Any CPU
		{E2375A8A-23AD-4F01-9F04-8C103927C0D7}.Release|Any CPU.ActiveCfg = Release|Any CPU
		{E2375A8A-23AD-4F01-9F04-8C103927C0D7}.Release|Any CPU.Build.0 = Release|Any CPU
		{E2383F41-6235-484F-8BC7-9F3B953B0CF2}.Debug|Any CPU.ActiveCfg = Debug|Any CPU
		{E2383F41-6235-484F-8BC7-9F3B953B0CF2}.Debug|Any CPU.Build.0 = Debug|Any CPU
		{E2383F41-6235-484F-8BC7-9F3B953B0CF2}.Release|Any CPU.ActiveCfg = Release|Any CPU
		{E2383F41-6235-484F-8BC7-9F3B953B0CF2}.Release|Any CPU.Build.0 = Release|Any CPU
		{51C375A9-F2AD-4C8E-9E91-80211A411601}.Debug|Any CPU.ActiveCfg = Debug|Any CPU
		{51C375A9-F2AD-4C8E-9E91-80211A411601}.Debug|Any CPU.Build.0 = Debug|Any CPU
		{51C375A9-F2AD-4C8E-9E91-80211A411601}.Release|Any CPU.ActiveCfg = Release|Any CPU
		{51C375A9-F2AD-4C8E-9E91-80211A411601}.Release|Any CPU.Build.0 = Release|Any CPU
		{299FD101-E4E0-4CD4-AE84-4580A2814F08}.Debug|Any CPU.ActiveCfg = Debug|Any CPU
		{299FD101-E4E0-4CD4-AE84-4580A2814F08}.Debug|Any CPU.Build.0 = Debug|Any CPU
		{299FD101-E4E0-4CD4-AE84-4580A2814F08}.Release|Any CPU.ActiveCfg = Release|Any CPU
		{299FD101-E4E0-4CD4-AE84-4580A2814F08}.Release|Any CPU.Build.0 = Release|Any CPU
		{6D6A54FC-0CCE-4F6E-AF85-0A543AA12942}.Debug|Any CPU.ActiveCfg = Debug|Any CPU
		{6D6A54FC-0CCE-4F6E-AF85-0A543AA12942}.Debug|Any CPU.Build.0 = Debug|Any CPU
		{6D6A54FC-0CCE-4F6E-AF85-0A543AA12942}.Release|Any CPU.ActiveCfg = Release|Any CPU
		{6D6A54FC-0CCE-4F6E-AF85-0A543AA12942}.Release|Any CPU.Build.0 = Release|Any CPU
		{5562BF93-E6B6-4457-9FA6-C339572EDA5E}.Debug|Any CPU.ActiveCfg = Debug|Any CPU
		{5562BF93-E6B6-4457-9FA6-C339572EDA5E}.Debug|Any CPU.Build.0 = Debug|Any CPU
		{5562BF93-E6B6-4457-9FA6-C339572EDA5E}.Release|Any CPU.ActiveCfg = Release|Any CPU
		{5562BF93-E6B6-4457-9FA6-C339572EDA5E}.Release|Any CPU.Build.0 = Release|Any CPU
		{CCD840A4-0CE0-41F7-AC48-6C9B554901C8}.Debug|Any CPU.ActiveCfg = Debug|Any CPU
		{CCD840A4-0CE0-41F7-AC48-6C9B554901C8}.Debug|Any CPU.Build.0 = Debug|Any CPU
		{CCD840A4-0CE0-41F7-AC48-6C9B554901C8}.Release|Any CPU.ActiveCfg = Release|Any CPU
		{CCD840A4-0CE0-41F7-AC48-6C9B554901C8}.Release|Any CPU.Build.0 = Release|Any CPU
		{29A43D9A-9DAC-47BD-B2CE-3620758312BA}.Debug|Any CPU.ActiveCfg = Debug|Any CPU
		{29A43D9A-9DAC-47BD-B2CE-3620758312BA}.Debug|Any CPU.Build.0 = Debug|Any CPU
		{29A43D9A-9DAC-47BD-B2CE-3620758312BA}.Release|Any CPU.ActiveCfg = Release|Any CPU
		{29A43D9A-9DAC-47BD-B2CE-3620758312BA}.Release|Any CPU.Build.0 = Release|Any CPU
		{FBFDB0D9-2025-4154-AB8E-8CE322E53A37}.Debug|Any CPU.ActiveCfg = Debug|Any CPU
		{FBFDB0D9-2025-4154-AB8E-8CE322E53A37}.Debug|Any CPU.Build.0 = Debug|Any CPU
		{FBFDB0D9-2025-4154-AB8E-8CE322E53A37}.Release|Any CPU.ActiveCfg = Release|Any CPU
		{FBFDB0D9-2025-4154-AB8E-8CE322E53A37}.Release|Any CPU.Build.0 = Release|Any CPU
		{65B5D025-4848-4FE6-8B0A-449CD6BFFB95}.Debug|Any CPU.ActiveCfg = Debug|Any CPU
		{65B5D025-4848-4FE6-8B0A-449CD6BFFB95}.Debug|Any CPU.Build.0 = Debug|Any CPU
		{65B5D025-4848-4FE6-8B0A-449CD6BFFB95}.Release|Any CPU.ActiveCfg = Release|Any CPU
		{65B5D025-4848-4FE6-8B0A-449CD6BFFB95}.Release|Any CPU.Build.0 = Release|Any CPU
		{BEABDAEE-952C-4C45-9857-023B6FBF53F8}.Debug|Any CPU.ActiveCfg = Debug|Any CPU
		{BEABDAEE-952C-4C45-9857-023B6FBF53F8}.Debug|Any CPU.Build.0 = Debug|Any CPU
		{BEABDAEE-952C-4C45-9857-023B6FBF53F8}.Release|Any CPU.ActiveCfg = Release|Any CPU
		{BEABDAEE-952C-4C45-9857-023B6FBF53F8}.Release|Any CPU.Build.0 = Release|Any CPU
		{63290521-7605-4819-86DD-9918BEE4209C}.Debug|Any CPU.ActiveCfg = Debug|Any CPU
		{63290521-7605-4819-86DD-9918BEE4209C}.Debug|Any CPU.Build.0 = Debug|Any CPU
		{63290521-7605-4819-86DD-9918BEE4209C}.Release|Any CPU.ActiveCfg = Release|Any CPU
		{63290521-7605-4819-86DD-9918BEE4209C}.Release|Any CPU.Build.0 = Release|Any CPU
		{5DDB0642-08F1-4729-862F-6AEF9E8C1F5A}.Debug|Any CPU.ActiveCfg = Debug|Any CPU
		{5DDB0642-08F1-4729-862F-6AEF9E8C1F5A}.Debug|Any CPU.Build.0 = Debug|Any CPU
		{5DDB0642-08F1-4729-862F-6AEF9E8C1F5A}.Release|Any CPU.ActiveCfg = Release|Any CPU
		{5DDB0642-08F1-4729-862F-6AEF9E8C1F5A}.Release|Any CPU.Build.0 = Release|Any CPU
	EndGlobalSection
	GlobalSection(SolutionProperties) = preSolution
		HideSolutionNode = FALSE
	EndGlobalSection
	GlobalSection(NestedProjects) = preSolution
		{4FAA9B1A-BA35-456C-9998-F92F6437D9F1} = {50811858-BA2D-436B-97B8-1036FC284492}
		{759CA56D-61D8-45CA-AD66-082BD57202E6} = {4FAA9B1A-BA35-456C-9998-F92F6437D9F1}
		{4E3F53AE-A923-48D6-BBA8-7F0B01C52426} = {4FAA9B1A-BA35-456C-9998-F92F6437D9F1}
		{2E600F01-5DAC-4086-BEC6-723001116D8B} = {50811858-BA2D-436B-97B8-1036FC284492}
		{E0D9CBC7-D95F-4039-9ED0-26A91C64EA4C} = {2E600F01-5DAC-4086-BEC6-723001116D8B}
		{7555269B-295B-4B28-B84A-146DDE065277} = {2E600F01-5DAC-4086-BEC6-723001116D8B}
		{E5DCF8AF-E9B1-42E2-83A3-FB7DC54EF331} = {2E600F01-5DAC-4086-BEC6-723001116D8B}
		{6F02E001-2926-48D9-BA38-4313F76813D4} = {2E600F01-5DAC-4086-BEC6-723001116D8B}
		{F266B4D8-6153-4855-9742-3852E66971AE} = {E0D9CBC7-D95F-4039-9ED0-26A91C64EA4C}
		{C39E8A38-9631-4D1C-9E5E-810DC0CE9BED} = {7555269B-295B-4B28-B84A-146DDE065277}
		{56B88ADB-CC75-4EFE-968F-25BB166B8D94} = {E5DCF8AF-E9B1-42E2-83A3-FB7DC54EF331}
		{54E35239-9466-44C5-B9B7-13CCBE13E83A} = {6F02E001-2926-48D9-BA38-4313F76813D4}
		{DEF2DB81-8468-42B4-BC06-08BD9EE5FF38} = {4FAA9B1A-BA35-456C-9998-F92F6437D9F1}
		{95A82C07-F217-4C2D-9258-3A42F3C94865} = {E0D9CBC7-D95F-4039-9ED0-26A91C64EA4C}
		{E2375A8A-23AD-4F01-9F04-8C103927C0D7} = {7555269B-295B-4B28-B84A-146DDE065277}
		{E2383F41-6235-484F-8BC7-9F3B953B0CF2} = {6F02E001-2926-48D9-BA38-4313F76813D4}
		{51C375A9-F2AD-4C8E-9E91-80211A411601} = {E5DCF8AF-E9B1-42E2-83A3-FB7DC54EF331}
		{4A41C643-8326-4F7A-B484-706F59818CEB} = {50811858-BA2D-436B-97B8-1036FC284492}
		{299FD101-E4E0-4CD4-AE84-4580A2814F08} = {4A41C643-8326-4F7A-B484-706F59818CEB}
		{6D6A54FC-0CCE-4F6E-AF85-0A543AA12942} = {7555269B-295B-4B28-B84A-146DDE065277}
		{5562BF93-E6B6-4457-9FA6-C339572EDA5E} = {E0D9CBC7-D95F-4039-9ED0-26A91C64EA4C}
		{CCD840A4-0CE0-41F7-AC48-6C9B554901C8} = {6F02E001-2926-48D9-BA38-4313F76813D4}
		{C4059BAC-BDE2-4701-925E-590F57A9B508} = {2E600F01-5DAC-4086-BEC6-723001116D8B}
		{A1210B12-5932-46A9-BA65-2D0AE9F9BA7A} = {2E600F01-5DAC-4086-BEC6-723001116D8B}
		{29A43D9A-9DAC-47BD-B2CE-3620758312BA} = {A1210B12-5932-46A9-BA65-2D0AE9F9BA7A}
		{FBFDB0D9-2025-4154-AB8E-8CE322E53A37} = {C4059BAC-BDE2-4701-925E-590F57A9B508}
		{65B5D025-4848-4FE6-8B0A-449CD6BFFB95} = {A1210B12-5932-46A9-BA65-2D0AE9F9BA7A}
		{BEABDAEE-952C-4C45-9857-023B6FBF53F8} = {C4059BAC-BDE2-4701-925E-590F57A9B508}
		{42443030-4778-4EEE-866F-C3A18406F203} = {50811858-BA2D-436B-97B8-1036FC284492}
		{63290521-7605-4819-86DD-9918BEE4209C} = {4FAA9B1A-BA35-456C-9998-F92F6437D9F1}
		{5DDB0642-08F1-4729-862F-6AEF9E8C1F5A} = {42443030-4778-4EEE-866F-C3A18406F203}
	EndGlobalSection
	GlobalSection(ExtensibilityGlobals) = postSolution
		SolutionGuid = {D7CAA3E6-7826-456F-B19B-3BEB117CEE7B}
	EndGlobalSection
EndGlobal
